
Microsoft Visual Studio Solution File, Format Version 12.00
# Visual Studio Version 17
VisualStudioVersion = 17.14.36127.28 d17.14
MinimumVisualStudioVersion = 10.0.40219.1
Project("{FAE04EC0-301F-11D3-BF4B-00C04F79EFBC}") = "Bookify.Web", "Bookify.Web\Bookify.Web.csproj", "{9676F9CB-4531-4093-9AD4-5D73C38D9AFE}"
EndProject
Global
	GlobalSection(SolutionConfigurationPlatforms) = preSolution
		Debug|Any CPU = Debug|Any CPU
		Release|Any CPU = Release|Any CPU
	EndGlobalSection
	GlobalSection(ProjectConfigurationPlatforms) = postSolution
		{9676F9CB-4531-4093-9AD4-5D73C38D9AFE}.Debug|Any CPU.ActiveCfg = Debug|Any CPU
		{9676F9CB-4531-4093-9AD4-5D73C38D9AFE}.Debug|Any CPU.Build.0 = Debug|Any CPU
		{9676F9CB-4531-4093-9AD4-5D73C38D9AFE}.Release|Any CPU.ActiveCfg = Release|Any CPU
		{9676F9CB-4531-4093-9AD4-5D73C38D9AFE}.Release|Any CPU.Build.0 = Release|Any CPU
	EndGlobalSection
	GlobalSection(SolutionProperties) = preSolution
		HideSolutionNode = FALSE
	EndGlobalSection
	GlobalSection(ExtensibilityGlobals) = postSolution
		SolutionGuid = {00AA9AE6-4E16-4433-964F-84EA5DEC29E8}
	EndGlobalSection
EndGlobal
